Microsoft Visual Studio Solution File, Format Version 11.00
# Visual Studio 2008

Project("{0B677F14-0C0D-05C8-AAC5-4645E5E7AEF5}") = "TestMotive", "Assembly-CSharp.csproj", "{9E22E112-7323-1780-3293-4E85113AF579}"
EndProject
Global
	GlobalSection(SolutionConfigurationPlatforms) = preSolution
		Debug|Any CPU = Debug|Any CPU
		Release|Any CPU = Release|Any CPU
	EndGlobalSection
	GlobalSection(ProjectConfigurationPlatforms) = postSolution
		{9E22E112-7323-1780-3293-4E85113AF579}.Debug|Any CPU.ActiveCfg = Debug|Any CPU
		{9E22E112-7323-1780-3293-4E85113AF579}.Debug|Any CPU.Build.0 = Debug|Any CPU
		{9E22E112-7323-1780-3293-4E85113AF579}.Release|Any CPU.ActiveCfg = Release|Any CPU
		{9E22E112-7323-1780-3293-4E85113AF579}.Release|Any CPU.Build.0 = Release|Any CPU
	EndGlobalSection
	GlobalSection(SolutionProperties) = preSolution
		HideSolutionNode = FALSE
	EndGlobalSection
	GlobalSection(MonoDevelopProperties) = preSolution
		StartupItem = Assembly-CSharp.csproj
	EndGlobalSection
EndGlobal
